{
  "name": "server",
  "version": "1.0.0",
  "lockfileVersion": 1,
  "requires": true,
  "dependencies": {
    "@cspotcode/source-map-consumer": {
      "version": "0.8.0",
      "resolved": "https://registry.npmjs.org/@cspotcode/source-map-consumer/-/source-map-consumer-0.8.0.tgz",
      "integrity": "sha512-41qniHzTU8yAGbCp04ohlmSrZf8bkf/iJsl3V0dRGsQN/5GFfx+LbCSsCpp2gqrqjTVg/K6O8ycoV35JIwAzAg==",
      "dev": true
    },
    "@cspotcode/source-map-support": {
      "version": "0.7.0",
      "resolved": "https://registry.npmjs.org/@cspotcode/source-map-support/-/source-map-support-0.7.0.tgz",
      "integrity": "sha512-X4xqRHqN8ACt2aHVe51OxeA2HjbcL4MqFqXkrmQszJ1NOUuUu5u6Vqx/0lZSVNku7velL5FC/s5uEAj1lsBMhA==",
      "dev": true,
      "requires": {
        "@cspotcode/source-map-consumer": "0.8.0"
      }
    },
    "@hapi/accept": {
      "version": "5.0.2",
      "resolved": "https://registry.npmjs.org/@hapi/accept/-/accept-5.0.2.tgz",
      "integrity": "sha512-CmzBx/bXUR8451fnZRuZAJRlzgm0Jgu5dltTX/bszmR2lheb9BpyN47Q1RbaGTsvFzn0PXAEs+lXDKfshccYZw==",
      "requires": {
        "@hapi/boom": "9.x.x",
        "@hapi/hoek": "9.x.x"
      }
    },
    "@hapi/ammo": {
      "version": "5.0.1",
      "resolved": "https://registry.npmjs.org/@hapi/ammo/-/ammo-5.0.1.tgz",
      "integrity": "sha512-FbCNwcTbnQP4VYYhLNGZmA76xb2aHg9AMPiy18NZyWMG310P5KdFGyA9v2rm5ujrIny77dEEIkMOwl0Xv+fSSA==",
      "requires": {
        "@hapi/hoek": "9.x.x"
      }
    },
    "@hapi/b64": {
      "version": "5.0.0",
      "resolved": "https://registry.npmjs.org/@hapi/b64/-/b64-5.0.0.tgz",
      "integrity": "sha512-ngu0tSEmrezoiIaNGG6rRvKOUkUuDdf4XTPnONHGYfSGRmDqPZX5oJL6HAdKTo1UQHECbdB4OzhWrfgVppjHUw==",
      "requires": {
        "@hapi/hoek": "9.x.x"
      }
    },
    "@hapi/boom": {
      "version": "9.1.4",
      "resolved": "https://registry.npmjs.org/@hapi/boom/-/boom-9.1.4.tgz",
      "integrity": "sha512-Ls1oH8jaN1vNsqcaHVYJrKmgMcKsC1wcp8bujvXrHaAqD2iDYq3HoOwsxwo09Cuda5R5nC0o0IxlrlTuvPuzSw==",
      "requires": {
        "@hapi/hoek": "9.x.x"
      }
    },
    "@hapi/bounce": {
      "version": "2.0.0",
      "resolved": "https://registry.npmjs.org/@hapi/bounce/-/bounce-2.0.0.tgz",
      "integrity": "sha512-JesW92uyzOOyuzJKjoLHM1ThiOvHPOLDHw01YV8yh5nCso7sDwJho1h0Ad2N+E62bZyz46TG3xhAi/78Gsct6A==",
      "requires": {
        "@hapi/boom": "9.x.x",
        "@hapi/hoek": "9.x.x"
      }
    },
    "@hapi/bourne": {
      "version": "2.0.0",
      "resolved": "https://registry.npmjs.org/@hapi/bourne/-/bourne-2.0.0.tgz",
      "integrity": "sha512-WEezM1FWztfbzqIUbsDzFRVMxSoLy3HugVcux6KDDtTqzPsLE8NDRHfXvev66aH1i2oOKKar3/XDjbvh/OUBdg=="
    },
    "@hapi/call": {
      "version": "8.0.1",
      "resolved": "https://registry.npmjs.org/@hapi/call/-/call-8.0.1.tgz",
      "integrity": "sha512-bOff6GTdOnoe5b8oXRV3lwkQSb/LAWylvDMae6RgEWWntd0SHtkYbQukDHKlfaYtVnSAgIavJ0kqszF/AIBb6g==",
      "requires": {
        "@hapi/boom": "9.x.x",
        "@hapi/hoek": "9.x.x"
      }
    },
    "@hapi/catbox": {
      "version": "11.1.1",
      "resolved": "https://registry.npmjs.org/@hapi/catbox/-/catbox-11.1.1.tgz",
      "integrity": "sha512-u/8HvB7dD/6X8hsZIpskSDo4yMKpHxFd7NluoylhGrL6cUfYxdQPnvUp9YU2C6F9hsyBVLGulBd9vBN1ebfXOQ==",
      "requires": {
        "@hapi/boom": "9.x.x",
        "@hapi/hoek": "9.x.x",
        "@hapi/podium": "4.x.x",
        "@hapi/validate": "1.x.x"
      }
    },
    "@hapi/catbox-memory": {
      "version": "5.0.1",
      "resolved": "https://registry.npmjs.org/@hapi/catbox-memory/-/catbox-memory-5.0.1.tgz",
      "integrity": "sha512-QWw9nOYJq5PlvChLWV8i6hQHJYfvdqiXdvTupJFh0eqLZ64Xir7mKNi96d5/ZMUAqXPursfNDIDxjFgoEDUqeQ==",
      "requires": {
        "@hapi/boom": "9.x.x",
        "@hapi/hoek": "9.x.x"
      }
    },
    "@hapi/content": {
      "version": "5.0.2",
      "resolved": "https://registry.npmjs.org/@hapi/content/-/content-5.0.2.tgz",
      "integrity": "sha512-mre4dl1ygd4ZyOH3tiYBrOUBzV7Pu/EOs8VLGf58vtOEECWed8Uuw6B4iR9AN/8uQt42tB04qpVaMyoMQh0oMw==",
      "requires": {
        "@hapi/boom": "9.x.x"
      }
    },
    "@hapi/cryptiles": {
      "version": "5.1.0",
      "resolved": "https://registry.npmjs.org/@hapi/cryptiles/-/cryptiles-5.1.0.tgz",
      "integrity": "sha512-fo9+d1Ba5/FIoMySfMqPBR/7Pa29J2RsiPrl7bkwo5W5o+AN1dAYQRi4SPrPwwVxVGKjgLOEWrsvt1BonJSfLA==",
      "requires": {
        "@hapi/boom": "9.x.x"
      }
    },
    "@hapi/file": {
      "version": "2.0.0",
      "resolved": "https://registry.npmjs.org/@hapi/file/-/file-2.0.0.tgz",
      "integrity": "sha512-WSrlgpvEqgPWkI18kkGELEZfXr0bYLtr16iIN4Krh9sRnzBZN6nnWxHFxtsnP684wueEySBbXPDg/WfA9xJdBQ=="
    },
    "@hapi/hapi": {
      "version": "20.2.1",
      "resolved": "https://registry.npmjs.org/@hapi/hapi/-/hapi-20.2.1.tgz",
      "integrity": "sha512-OXAU+yWLwkMfPFic+KITo+XPp6Oxpgc9WUH+pxXWcTIuvWbgco5TC/jS8UDvz+NFF5IzRgF2CL6UV/KLdQYUSQ==",
      "requires": {
        "@hapi/accept": "^5.0.1",
        "@hapi/ammo": "^5.0.1",
        "@hapi/boom": "^9.1.0",
        "@hapi/bounce": "^2.0.0",
        "@hapi/call": "^8.0.0",
        "@hapi/catbox": "^11.1.1",
        "@hapi/catbox-memory": "^5.0.0",
        "@hapi/heavy": "^7.0.1",
        "@hapi/hoek": "^9.0.4",
        "@hapi/mimos": "^6.0.0",
        "@hapi/podium": "^4.1.1",
        "@hapi/shot": "^5.0.5",
        "@hapi/somever": "^3.0.0",
        "@hapi/statehood": "^7.0.3",
        "@hapi/subtext": "^7.0.3",
        "@hapi/teamwork": "^5.1.0",
        "@hapi/topo": "^5.0.0",
        "@hapi/validate": "^1.1.1"
      }
    },
    "@hapi/heavy": {
      "version": "7.0.1",
      "resolved": "https://registry.npmjs.org/@hapi/heavy/-/heavy-7.0.1.tgz",
      "integrity": "sha512-vJ/vzRQ13MtRzz6Qd4zRHWS3FaUc/5uivV2TIuExGTM9Qk+7Zzqj0e2G7EpE6KztO9SalTbiIkTh7qFKj/33cA==",
      "requires": {
        "@hapi/boom": "9.x.x",
        "@hapi/hoek": "9.x.x",
        "@hapi/validate": "1.x.x"
      }
    },
    "@hapi/hoek": {
      "version": "9.2.1",
      "resolved": "https://registry.npmjs.org/@hapi/hoek/-/hoek-9.2.1.tgz",
      "integrity": "sha512-gfta+H8aziZsm8pZa0vj04KO6biEiisppNgA1kbJvFrrWu9Vm7eaUEy76DIxsuTaWvti5fkJVhllWc6ZTE+Mdw=="
    },
    "@hapi/inert": {
      "version": "6.0.4",
      "resolved": "https://registry.npmjs.org/@hapi/inert/-/inert-6.0.4.tgz",
      "integrity": "sha512-tpmNqtCCAd+5Ts07bJmMaA79+ZUIf0zSWnQMaWtbcO4nGrO/yXB2AzoslfzFX2JEV9vGeF3FfL8mYw0pHl8VGg==",
      "requires": {
        "@hapi/ammo": "5.x.x",
        "@hapi/boom": "9.x.x",
        "@hapi/bounce": "2.x.x",
        "@hapi/hoek": "9.x.x",
        "@hapi/validate": "1.x.x",
        "lru-cache": "^6.0.0"
      }
    },
    "@hapi/iron": {
      "version": "6.0.0",
      "resolved": "https://registry.npmjs.org/@hapi/iron/-/iron-6.0.0.tgz",
      "integrity": "sha512-zvGvWDufiTGpTJPG1Y/McN8UqWBu0k/xs/7l++HVU535NLHXsHhy54cfEMdW7EjwKfbBfM9Xy25FmTiobb7Hvw==",
      "requires": {
        "@hapi/b64": "5.x.x",
        "@hapi/boom": "9.x.x",
        "@hapi/bourne": "2.x.x",
        "@hapi/cryptiles": "5.x.x",
        "@hapi/hoek": "9.x.x"
      }
    },
    "@hapi/mimos": {
      "version": "6.0.0",
      "resolved": "https://registry.npmjs.org/@hapi/mimos/-/mimos-6.0.0.tgz",
      "integrity": "sha512-Op/67tr1I+JafN3R3XN5DucVSxKRT/Tc+tUszDwENoNpolxeXkhrJ2Czt6B6AAqrespHoivhgZBWYSuANN9QXg==",
      "requires": {
        "@hapi/hoek": "9.x.x",
        "mime-db": "1.x.x"
      }
    },
    "@hapi/nigel": {
      "version": "4.0.2",
      "resolved": "https://registry.npmjs.org/@hapi/nigel/-/nigel-4.0.2.tgz",
      "integrity": "sha512-ht2KoEsDW22BxQOEkLEJaqfpoKPXxi7tvabXy7B/77eFtOyG5ZEstfZwxHQcqAiZhp58Ae5vkhEqI03kawkYNw==",
      "requires": {
        "@hapi/hoek": "^9.0.4",
        "@hapi/vise": "^4.0.0"
      }
    },
    "@hapi/pez": {
      "version": "5.0.3",
      "resolved": "https://registry.npmjs.org/@hapi/pez/-/pez-5.0.3.tgz",
      "integrity": "sha512-mpikYRJjtrbJgdDHG/H9ySqYqwJ+QU/D7FXsYciS9P7NYBXE2ayKDAy3H0ou6CohOCaxPuTV4SZ0D936+VomHA==",
      "requires": {
        "@hapi/b64": "5.x.x",
        "@hapi/boom": "9.x.x",
        "@hapi/content": "^5.0.2",
        "@hapi/hoek": "9.x.x",
        "@hapi/nigel": "4.x.x"
      }
    },
    "@hapi/podium": {
      "version": "4.1.3",
      "resolved": "https://registry.npmjs.org/@hapi/podium/-/podium-4.1.3.tgz",
      "integrity": "sha512-ljsKGQzLkFqnQxE7qeanvgGj4dejnciErYd30dbrYzUOF/FyS/DOF97qcrT3bhoVwCYmxa6PEMhxfCPlnUcD2g==",
      "requires": {
        "@hapi/hoek": "9.x.x",
        "@hapi/teamwork": "5.x.x",
        "@hapi/validate": "1.x.x"
      }
    },
    "@hapi/shot": {
      "version": "5.0.5",
      "resolved": "https://registry.npmjs.org/@hapi/shot/-/shot-5.0.5.tgz",
      "integrity": "sha512-x5AMSZ5+j+Paa8KdfCoKh+klB78otxF+vcJR/IoN91Vo2e5ulXIW6HUsFTCU+4W6P/Etaip9nmdAx2zWDimB2A==",
      "requires": {
        "@hapi/hoek": "9.x.x",
        "@hapi/validate": "1.x.x"
      }
    },
    "@hapi/somever": {
      "version": "3.0.1",
      "resolved": "https://registry.npmjs.org/@hapi/somever/-/somever-3.0.1.tgz",
      "integrity": "sha512-4ZTSN3YAHtgpY/M4GOtHUXgi6uZtG9nEZfNI6QrArhK0XN/RDVgijlb9kOmXwCR5VclDSkBul9FBvhSuKXx9+w==",
      "requires": {
        "@hapi/bounce": "2.x.x",
        "@hapi/hoek": "9.x.x"
      }
    },
    "@hapi/statehood": {
      "version": "7.0.3",
      "resolved": "https://registry.npmjs.org/@hapi/statehood/-/statehood-7.0.3.tgz",
      "integrity": "sha512-pYB+pyCHkf2Amh67QAXz7e/DN9jcMplIL7Z6N8h0K+ZTy0b404JKPEYkbWHSnDtxLjJB/OtgElxocr2fMH4G7w==",
      "requires": {
        "@hapi/boom": "9.x.x",
        "@hapi/bounce": "2.x.x",
        "@hapi/bourne": "2.x.x",
        "@hapi/cryptiles": "5.x.x",
        "@hapi/hoek": "9.x.x",
        "@hapi/iron": "6.x.x",
        "@hapi/validate": "1.x.x"
      }
    },
    "@hapi/subtext": {
      "version": "7.0.3",
      "resolved": "https://registry.npmjs.org/@hapi/subtext/-/subtext-7.0.3.tgz",
      "integrity": "sha512-CekDizZkDGERJ01C0+TzHlKtqdXZxzSWTOaH6THBrbOHnsr3GY+yiMZC+AfNCypfE17RaIakGIAbpL2Tk1z2+A==",
      "requires": {
        "@hapi/boom": "9.x.x",
        "@hapi/bourne": "2.x.x",
        "@hapi/content": "^5.0.2",
        "@hapi/file": "2.x.x",
        "@hapi/hoek": "9.x.x",
        "@hapi/pez": "^5.0.1",
        "@hapi/wreck": "17.x.x"
      }
    },
    "@hapi/teamwork": {
      "version": "5.1.0",
      "resolved": "https://registry.npmjs.org/@hapi/teamwork/-/teamwork-5.1.0.tgz",
      "integrity": "sha512-llqoQTrAJDTXxG3c4Kz/uzhBS1TsmSBa/XG5SPcVXgmffHE1nFtyLIK0hNJHCB3EuBKT84adzd1hZNY9GJLWtg=="
    },
    "@hapi/topo": {
      "version": "5.1.0",
      "resolved": "https://registry.npmjs.org/@hapi/topo/-/topo-5.1.0.tgz",
      "integrity": "sha512-foQZKJig7Ob0BMAYBfcJk8d77QtOe7Wo4ox7ff1lQYoNNAb6jwcY1ncdoy2e9wQZzvNy7ODZCYJkK8kzmcAnAg==",
      "requires": {
        "@hapi/hoek": "^9.0.0"
      }
    },
    "@hapi/validate": {
      "version": "1.1.3",
      "resolved": "https://registry.npmjs.org/@hapi/validate/-/validate-1.1.3.tgz",
      "integrity": "sha512-/XMR0N0wjw0Twzq2pQOzPBZlDzkekGcoCtzO314BpIEsbXdYGthQUbxgkGDf4nhk1+IPDAsXqWjMohRQYO06UA==",
      "requires": {
        "@hapi/hoek": "^9.0.0",
        "@hapi/topo": "^5.0.0"
      }
    },
    "@hapi/vise": {
      "version": "4.0.0",
      "resolved": "https://registry.npmjs.org/@hapi/vise/-/vise-4.0.0.tgz",
      "integrity": "sha512-eYyLkuUiFZTer59h+SGy7hUm+qE9p+UemePTHLlIWppEd+wExn3Df5jO04bFQTm7nleF5V8CtuYQYb+VFpZ6Sg==",
      "requires": {
        "@hapi/hoek": "9.x.x"
      }
    },
    "@hapi/vision": {
      "version": "6.1.0",
      "resolved": "https://registry.npmjs.org/@hapi/vision/-/vision-6.1.0.tgz",
      "integrity": "sha512-ll0zJ13xDxCYIWvC1aq/8srK0bTXfqZYGT+YoTi/fS42gYYJ3dnvmS35r8T8XXtJ6F6cmya8G2cRlMR/z11LQw==",
      "requires": {
        "@hapi/boom": "9.x.x",
        "@hapi/bounce": "2.x.x",
        "@hapi/hoek": "9.x.x",
        "@hapi/validate": "1.x.x"
      }
    },
    "@hapi/wreck": {
      "version": "17.1.0",
      "resolved": "https://registry.npmjs.org/@hapi/wreck/-/wreck-17.1.0.tgz",
      "integrity": "sha512-nx6sFyfqOpJ+EFrHX+XWwJAxs3ju4iHdbB/bwR8yTNZOiYmuhA8eCe7lYPtYmb4j7vyK/SlbaQsmTtUrMvPEBw==",
      "requires": {
        "@hapi/boom": "9.x.x",
        "@hapi/bourne": "2.x.x",
        "@hapi/hoek": "9.x.x"
      }
    },
    "@prisma/client": {
      "version": "3.7.0",
      "resolved": "https://registry.npmjs.org/@prisma/client/-/client-3.7.0.tgz",
      "integrity": "sha512-fUJMvBOX5C7JPc0e3CJD6Gbelbu4dMJB4ScYpiht8HMUnRShw20ULOipTopjNtl6ekHQJ4muI7pXlQxWS9nMbw==",
      "requires": {
        "@prisma/engines-version": "3.7.0-31.8746e055198f517658c08a0c426c7eec87f5a85f"
      }
    },
    "@prisma/engines": {
      "version": "3.7.0-31.8746e055198f517658c08a0c426c7eec87f5a85f",
      "resolved": "https://registry.npmjs.org/@prisma/engines/-/engines-3.7.0-31.8746e055198f517658c08a0c426c7eec87f5a85f.tgz",
      "integrity": "sha512-W549ub5NlgexNhR8EFstA/UwAWq3Zq0w9aNkraqsozVCt2CsX+lK4TK7IW5OZVSnxHwRjrgEAt3r9yPy8nZQRg==",
      "dev": true
    },
    "@prisma/engines-version": {
      "version": "3.7.0-31.8746e055198f517658c08a0c426c7eec87f5a85f",
      "resolved": "https://registry.npmjs.org/@prisma/engines-version/-/engines-version-3.7.0-31.8746e055198f517658c08a0c426c7eec87f5a85f.tgz",
      "integrity": "sha512-+qx2b+HK7BKF4VCa0LZ/t1QCXsu6SmvhUQyJkOD2aPpmOzket4fEnSKQZSB0i5tl7rwCDsvAiSeK8o7rf+yvwg=="
    },
    "@sideway/address": {
      "version": "4.1.3",
      "resolved": "https://registry.npmjs.org/@sideway/address/-/address-4.1.3.tgz",
      "integrity": "sha512-8ncEUtmnTsMmL7z1YPB47kPUq7LpKWJNFPsRzHiIajGC5uXlWGn+AmkYPcHNl8S4tcEGx+cnORnNYaw2wvL+LQ==",
      "dev": true,
      "requires": {
        "@hapi/hoek": "^9.0.0"
      }
    },
    "@sideway/formula": {
      "version": "3.0.0",
      "resolved": "https://registry.npmjs.org/@sideway/formula/-/formula-3.0.0.tgz",
      "integrity": "sha512-vHe7wZ4NOXVfkoRb8T5otiENVlT7a3IAiw7H5M2+GO+9CDgcVUUsX1zalAztCmwyOr2RUTGJdgB+ZvSVqmdHmg==",
      "dev": true
    },
    "@sideway/pinpoint": {
      "version": "2.0.0",
      "resolved": "https://registry.npmjs.org/@sideway/pinpoint/-/pinpoint-2.0.0.tgz",
      "integrity": "sha512-RNiOoTPkptFtSVzQevY/yWtZwf/RxyVnPy/OcA9HBM3MlGDnBEYL5B41H0MTn0Uec8Hi+2qUtTfG2WWZBmMejQ==",
      "dev": true
    },
    "@tsconfig/node10": {
      "version": "1.0.8",
      "resolved": "https://registry.npmjs.org/@tsconfig/node10/-/node10-1.0.8.tgz",
      "integrity": "sha512-6XFfSQmMgq0CFLY1MslA/CPUfhIL919M1rMsa5lP2P097N2Wd1sSX0tx1u4olM16fLNhtHZpRhedZJphNJqmZg==",
      "dev": true
    },
    "@tsconfig/node12": {
      "version": "1.0.9",
      "resolved": "https://registry.npmjs.org/@tsconfig/node12/-/node12-1.0.9.tgz",
      "integrity": "sha512-/yBMcem+fbvhSREH+s14YJi18sp7J9jpuhYByADT2rypfajMZZN4WQ6zBGgBKp53NKmqI36wFYDb3yaMPurITw==",
      "dev": true
    },
    "@tsconfig/node14": {
      "version": "1.0.1",
      "resolved": "https://registry.npmjs.org/@tsconfig/node14/-/node14-1.0.1.tgz",
      "integrity": "sha512-509r2+yARFfHHE7T6Puu2jjkoycftovhXRqW328PDXTVGKihlb1P8Z9mMZH04ebyajfRY7dedfGynlrFHJUQCg==",
      "dev": true
    },
    "@tsconfig/node16": {
      "version": "1.0.2",
      "resolved": "https://registry.npmjs.org/@tsconfig/node16/-/node16-1.0.2.tgz",
      "integrity": "sha512-eZxlbI8GZscaGS7kkc/trHTT5xgrjH3/1n2JDwusC9iahPKWMRvRjJSAN5mCXviuTGQ/lHnhvv8Q1YTpnfz9gA==",
      "dev": true
    },
    "@types/bcryptjs": {
      "version": "2.4.2",
      "resolved": "https://registry.npmjs.org/@types/bcryptjs/-/bcryptjs-2.4.2.tgz",
      "integrity": "sha512-LiMQ6EOPob/4yUL66SZzu6Yh77cbzJFYll+ZfaPiPPFswtIlA/Fs1MzdKYA7JApHU49zQTbJGX3PDmCpIdDBRQ==",
      "dev": true
    },
    "@types/hapi__catbox": {
      "version": "10.2.4",
      "resolved": "https://registry.npmjs.org/@types/hapi__catbox/-/hapi__catbox-10.2.4.tgz",
      "integrity": "sha512-A6ivRrXD5glmnJna1UAGw87QNZRp/vdFO9U4GS+WhOMWzHnw+oTGkMvg0g6y1930CbeheGOCm7A1qHsqH7AXqg==",
      "dev": true
    },
    "@types/hapi__hapi": {
      "version": "20.0.10",
      "resolved": "https://registry.npmjs.org/@types/hapi__hapi/-/hapi__hapi-20.0.10.tgz",
      "integrity": "sha512-Nt/SY/20/JAlHhbgH616j0g18vsANR9OWoyMdQcytlW6o7TBN+wRgf0MB8AgzjYpuzQam5oTiqyED9WwHmQKYQ==",
      "dev": true,
      "requires": {
        "@hapi/boom": "^9.0.0",
        "@hapi/iron": "^6.0.0",
        "@hapi/podium": "^4.1.3",
        "@types/hapi__catbox": "*",
        "@types/hapi__mimos": "*",
        "@types/hapi__shot": "*",
        "@types/node": "*",
        "joi": "^17.3.0"
      }
    },
    "@types/hapi__inert": {
      "version": "5.2.3",
      "resolved": "https://registry.npmjs.org/@types/hapi__inert/-/hapi__inert-5.2.3.tgz",
      "integrity": "sha512-I1mWQrEc7oMqGtofT0rwBgRBCBurz0wNzbq8QZsHWR+aXM0bk1j9GA6zwyGIeO53PNl2C1c2kpXlc084xCV+Tg==",
      "dev": true,
      "requires": {
        "@types/hapi__hapi": "*"
      }
    },
    "@types/hapi__mimos": {
      "version": "4.1.4",
      "resolved": "https://registry.npmjs.org/@types/hapi__mimos/-/hapi__mimos-4.1.4.tgz",
      "integrity": "sha512-i9hvJpFYTT/qzB5xKWvDYaSXrIiNqi4ephi+5Lo6+DoQdwqPXQgmVVOZR+s3MBiHoFqsCZCX9TmVWG3HczmTEQ==",
      "dev": true,
      "requires": {
        "@types/mime-db": "*"
      }
    },
    "@types/hapi__shot": {
      "version": "4.1.2",
      "resolved": "https://registry.npmjs.org/@types/hapi__shot/-/hapi__shot-4.1.2.tgz",
      "integrity": "sha512-8wWgLVP1TeGqgzZtCdt+F+k15DWQvLG1Yv6ZzPfb3D5WIo5/S+GGKtJBVo2uNEcqabP5Ifc71QnJTDnTmw1axA==",
      "dev": true,
      "requires": {
        "@types/node": "*"
      }
    },
    "@types/hapi__vision": {
      "version": "5.5.3",
      "resolved": "https://registry.npmjs.org/@types/hapi__vision/-/hapi__vision-5.5.3.tgz",
      "integrity": "sha512-R4+r9345+5LCM8/0OQ1J8UVVPwnOwMdUVtPrtJE4oNbZ31+rLSy/bLoGpuZJwjROeC006YXbibnRF1hcVQFjGA==",
      "dev": true,
      "requires": {
        "@types/hapi__hapi": "*",
        "handlebars": "^4.1"
      }
    },
    "@types/jsonwebtoken": {
      "version": "8.5.6",
      "resolved": "https://registry.npmjs.org/@types/jsonwebtoken/-/jsonwebtoken-8.5.6.tgz",
      "integrity": "sha512-+P3O/xC7nzVizIi5VbF34YtqSonFsdnbXBnWUCYRiKOi1f9gA4sEFvXkrGr/QVV23IbMYvcoerI7nnhDUiWXRQ==",
      "dev": true,
      "requires": {
        "@types/node": "*"
      }
    },
    "@types/mime-db": {
      "version": "1.43.1",
      "resolved": "https://registry.npmjs.org/@types/mime-db/-/mime-db-1.43.1.tgz",
      "integrity": "sha512-kGZJY+R+WnR5Rk+RPHUMERtb2qBRViIHCBdtUrY+NmwuGb8pQdfTqQiCKPrxpdoycl8KWm2DLdkpoSdt479XoQ==",
      "dev": true
    },
    "@types/node": {
      "version": "17.0.8",
      "resolved": "https://registry.npmjs.org/@types/node/-/node-17.0.8.tgz",
      "integrity": "sha512-YofkM6fGv4gDJq78g4j0mMuGMkZVxZDgtU0JRdx6FgiJDG+0fY0GKVolOV8WqVmEhLCXkQRjwDdKyPxJp/uucg==",
      "dev": true
    },
    "acorn": {
      "version": "8.7.0",
      "resolved": "https://registry.npmjs.org/acorn/-/acorn-8.7.0.tgz",
      "integrity": "sha512-V/LGr1APy+PXIwKebEWrkZPwoeoF+w1jiOBUmuxuiUIaOHtob8Qc9BTrYo7VuI5fR8tqsy+buA2WFooR5olqvQ==",
      "dev": true
    },
    "acorn-walk": {
      "version": "8.2.0",
      "resolved": "https://registry.npmjs.org/acorn-walk/-/acorn-walk-8.2.0.tgz",
      "integrity": "sha512-k+iyHEuPgSw6SbuDpGQM+06HQUa04DZ3o+F6CSzXMvvI5KMvnaEqXe+YVe555R9nn6GPt404fos4wcgpw12SDA==",
      "dev": true
    },
    "arg": {
      "version": "4.1.3",
      "resolved": "https://registry.npmjs.org/arg/-/arg-4.1.3.tgz",
      "integrity": "sha512-58S9QDqG0Xx27YwPSt9fJxivjYl432YCwfDMfZ+71RAqUrZef7LrKQZ3LHLOwCS4FLNBplP533Zx895SeOCHvA==",
      "dev": true
    },
    "argparse": {
      "version": "1.0.10",
      "resolved": "https://registry.npmjs.org/argparse/-/argparse-1.0.10.tgz",
      "integrity": "sha512-o5Roy6tNG4SL/FOkCAN6RzjiakZS25RLYFrcMttJqbdd8BWrnA+fGz57iN5Pb06pvBGvl5gQ0B48dJlslXvoTg==",
      "requires": {
        "sprintf-js": "~1.0.2"
      }
    },
    "bcryptjs": {
      "version": "2.4.3",
      "resolved": "https://registry.npmjs.org/bcryptjs/-/bcryptjs-2.4.3.tgz",
      "integrity": "sha1-mrVie5PmBiH/fNrF2pczAn3x0Ms="
    },
    "buffer-equal-constant-time": {
      "version": "1.0.1",
      "resolved": "https://registry.npmjs.org/buffer-equal-constant-time/-/buffer-equal-constant-time-1.0.1.tgz",
      "integrity": "sha1-+OcRMvf/5uAaXJaXpMbz5I1cyBk="
    },
    "call-me-maybe": {
      "version": "1.0.1",
      "resolved": "https://registry.npmjs.org/call-me-maybe/-/call-me-maybe-1.0.1.tgz",
      "integrity": "sha1-JtII6onje1y95gJQoV8DHBak1ms="
    },
    "commander": {
      "version": "2.20.3",
      "resolved": "https://registry.npmjs.org/commander/-/commander-2.20.3.tgz",
      "integrity": "sha512-GpVkmM8vF2vQUkj2LvZmD35JxeJOLCwJ9cUkugyk2nuhbv3+mJvpLYYt+0+USMxE+oj+ey/lJEnhZw75x/OMcQ==",
      "optional": true
    },
    "core-js": {
      "version": "2.6.12",
      "resolved": "https://registry.npmjs.org/core-js/-/core-js-2.6.12.tgz",
      "integrity": "sha512-Kb2wC0fvsWfQrgk8HU5lW6U/Lcs8+9aaYcy4ZFc6DDlo4nZ7n70dEgE5rtR0oG6ufKDUnrwfWL1mXR5ljDatrQ=="
    },
    "create-require": {
      "version": "1.1.1",
      "resolved": "https://registry.npmjs.org/create-require/-/create-require-1.1.1.tgz",
      "integrity": "sha512-dcKFX3jn0MpIaXjisoRvexIJVEKzaq7z2rZKxf+MSr9TkdmHmsU4m2lcLojrj/FHl8mk5VxMmYA+ftRkP/3oKQ==",
      "dev": true
    },
    "debug": {
      "version": "3.2.7",
      "resolved": "https://registry.npmjs.org/debug/-/debug-3.2.7.tgz",
      "integrity": "sha512-CFjzYYAi4ThfiQvizrFQevTTXHtnCqWfe7x1AhgEscTz6ZbLbfoLRLPugTQyBth6f8ZERVUSyWHFD/7Wu4t1XQ==",
      "requires": {
        "ms": "^2.1.1"
      }
    },
    "diff": {
      "version": "4.0.2",
      "resolved": "https://registry.npmjs.org/diff/-/diff-4.0.2.tgz",
      "integrity": "sha512-58lmxKSA4BNyLz+HHMUzlOEpg09FV+ev6ZMe3vJihgdxzgcwZ8VoEEPmALCZG9LmqfVoNMMKpttIYTVG6uDY7A==",
      "dev": true
    },
    "dotenv": {
      "version": "10.0.0",
      "resolved": "https://registry.npmjs.org/dotenv/-/dotenv-10.0.0.tgz",
      "integrity": "sha512-rlBi9d8jpv9Sf1klPjNfFAuWDjKLwTIJJ/VxtoTwIR6hnZxcEOQCZg2oIL3MWBYw5GpUDKOEnND7LXTbIpQ03Q=="
    },
    "ecdsa-sig-formatter": {
      "version": "1.0.11",
      "resolved": "https://registry.npmjs.org/ecdsa-sig-formatter/-/ecdsa-sig-formatter-1.0.11.tgz",
      "integrity": "sha512-nagl3RYrbNv6kQkeJIpt6NJZy8twLB/2vtz6yN9Z4vRKHN4/QZJIEbqohALSgwKdnksuY3k5Addp5lg8sVoVcQ==",
      "requires": {
        "safe-buffer": "^5.0.1"
      }
    },
    "esprima": {
      "version": "4.0.1",
      "resolved": "https://registry.npmjs.org/esprima/-/esprima-4.0.1.tgz",
      "integrity": "sha512-eGuFFw7Upda+g4p+QHvnW0RyTX/SVeJBDM/gCtMARO0cLuT2HcEKnTPvhjV6aGeqrCB/sbNop0Kszm0jsaWU4A=="
    },
    "format-util": {
      "version": "1.0.5",
      "resolved": "https://registry.npmjs.org/format-util/-/format-util-1.0.5.tgz",
      "integrity": "sha512-varLbTj0e0yVyRpqQhuWV+8hlePAgaoFRhNFj50BNjEIrw1/DphHSObtqwskVCPWNgzwPoQrZAbfa/SBiicNeg=="
    },
    "handlebars": {
      "version": "4.7.7",
      "resolved": "https://registry.npmjs.org/handlebars/-/handlebars-4.7.7.tgz",
      "integrity": "sha512-aAcXm5OAfE/8IXkcZvCepKU3VzW1/39Fb5ZuqMtgI/hT8X2YgoMvBY5dLhq/cpOvw7Lk1nK/UF71aLG/ZnVYRA==",
      "requires": {
        "minimist": "^1.2.5",
        "neo-async": "^2.6.0",
        "source-map": "^0.6.1",
        "uglify-js": "^3.1.4",
        "wordwrap": "^1.0.0"
      }
    },
    "hapi-swagger": {
      "version": "14.2.4",
      "resolved": "https://registry.npmjs.org/hapi-swagger/-/hapi-swagger-14.2.4.tgz",
      "integrity": "sha512-90kGIcWADmi8wOIJwd4jopIs+cedvl6lLsK42tObbZTvNVOwTOQkLRlVBbVO2L0t9ejlXMGdSOnPoISh8kDd1w==",
      "requires": {
        "@hapi/boom": "^9.1.0",
        "@hapi/hoek": "^9.0.2",
        "handlebars": "^4.7.7",
        "http-status": "^1.0.1",
        "json-schema-ref-parser": "^6.1.0",
        "swagger-parser": "4.0.2",
        "swagger-ui-dist": "^3.47.1"
      }
    },
    "http-status": {
      "version": "1.5.0",
      "resolved": "https://registry.npmjs.org/http-status/-/http-status-1.5.0.tgz",
      "integrity": "sha512-wcGvY31MpFNHIkUcXHHnvrE4IKYlpvitJw5P/1u892gMBAM46muQ+RH7UN1d+Ntnfx5apnOnVY6vcLmrWHOLwg=="
    },
    "joi": {
      "version": "17.5.0",
      "resolved": "https://registry.npmjs.org/joi/-/joi-17.5.0.tgz",
      "integrity": "sha512-R7hR50COp7StzLnDi4ywOXHrBrgNXuUUfJWIR5lPY5Bm/pOD3jZaTwpluUXVLRWcoWZxkrHBBJ5hLxgnlehbdw==",
      "dev": true,
      "requires": {
        "@hapi/hoek": "^9.0.0",
        "@hapi/topo": "^5.0.0",
        "@sideway/address": "^4.1.3",
        "@sideway/formula": "^3.0.0",
        "@sideway/pinpoint": "^2.0.0"
      }
    },
    "js-yaml": {
      "version": "3.14.1",
      "resolved": "https://registry.npmjs.org/js-yaml/-/js-yaml-3.14.1.tgz",
      "integrity": "sha512-okMH7OXXJ7YrN9Ok3/SXrnu4iX9yOk+25nqX4imS2npuvTYDmo/QEZoqwZkYaIDk3jVvBOTOIEgEhaLOynBS9g==",
      "requires": {
        "argparse": "^1.0.7",
        "esprima": "^4.0.0"
      }
    },
    "json-schema-ref-parser": {
      "version": "6.1.0",
      "resolved": "https://registry.npmjs.org/json-schema-ref-parser/-/json-schema-ref-parser-6.1.0.tgz",
      "integrity": "sha512-pXe9H1m6IgIpXmE5JSb8epilNTGsmTb2iPohAXpOdhqGFbQjNeHHsZxU+C8w6T81GZxSPFLeUoqDJmzxx5IGuw==",
      "requires": {
        "call-me-maybe": "^1.0.1",
        "js-yaml": "^3.12.1",
        "ono": "^4.0.11"
      }
    },
    "jsonwebtoken": {
      "version": "8.5.1",
      "resolved": "https://registry.npmjs.org/jsonwebtoken/-/jsonwebtoken-8.5.1.tgz",
      "integrity": "sha512-XjwVfRS6jTMsqYs0EsuJ4LGxXV14zQybNd4L2r0UvbVnSF9Af8x7p5MzbJ90Ioz/9TI41/hTCvznF/loiSzn8w==",
      "requires": {
        "jws": "^3.2.2",
        "lodash.includes": "^4.3.0",
        "lodash.isboolean": "^3.0.3",
        "lodash.isinteger": "^4.0.4",
        "lodash.isnumber": "^3.0.3",
        "lodash.isplainobject": "^4.0.6",
        "lodash.isstring": "^4.0.1",
        "lodash.once": "^4.0.0",
        "ms": "^2.1.1",
        "semver": "^5.6.0"
      }
    },
    "jwa": {
      "version": "1.4.1",
      "resolved": "https://registry.npmjs.org/jwa/-/jwa-1.4.1.tgz",
      "integrity": "sha512-qiLX/xhEEFKUAJ6FiBMbes3w9ATzyk5W7Hvzpa/SLYdxNtng+gcurvrI7TbACjIXlsJyr05/S1oUhZrc63evQA==",
      "requires": {
        "buffer-equal-constant-time": "1.0.1",
        "ecdsa-sig-formatter": "1.0.11",
        "safe-buffer": "^5.0.1"
      }
    },
    "jws": {
      "version": "3.2.2",
      "resolved": "https://registry.npmjs.org/jws/-/jws-3.2.2.tgz",
      "integrity": "sha512-YHlZCB6lMTllWDtSPHz/ZXTsi8S00usEV6v1tjq8tOUZzw7DpSDWVXjXDre6ed1w/pd495ODpHZYSdkRTsa0HA==",
      "requires": {
        "jwa": "^1.4.1",
        "safe-buffer": "^5.0.1"
      }
    },
    "lodash.get": {
      "version": "4.4.2",
      "resolved": "https://registry.npmjs.org/lodash.get/-/lodash.get-4.4.2.tgz",
      "integrity": "sha1-LRd/ZS+jHpObRDjVNBSZ36OCXpk="
    },
    "lodash.includes": {
      "version": "4.3.0",
      "resolved": "https://registry.npmjs.org/lodash.includes/-/lodash.includes-4.3.0.tgz",
      "integrity": "sha1-YLuYqHy5I8aMoeUTJUgzFISfVT8="
    },
    "lodash.isboolean": {
      "version": "3.0.3",
      "resolved": "https://registry.npmjs.org/lodash.isboolean/-/lodash.isboolean-3.0.3.tgz",
      "integrity": "sha1-bC4XHbKiV82WgC/UOwGyDV9YcPY="
    },
    "lodash.isequal": {
      "version": "4.5.0",
      "resolved": "https://registry.npmjs.org/lodash.isequal/-/lodash.isequal-4.5.0.tgz",
      "integrity": "sha1-QVxEePK8wwEgwizhDtMib30+GOA="
    },
    "lodash.isinteger": {
      "version": "4.0.4",
      "resolved": "https://registry.npmjs.org/lodash.isinteger/-/lodash.isinteger-4.0.4.tgz",
      "integrity": "sha1-YZwK89A/iwTDH1iChAt3sRzWg0M="
    },
    "lodash.isnumber": {
      "version": "3.0.3",
      "resolved": "https://registry.npmjs.org/lodash.isnumber/-/lodash.isnumber-3.0.3.tgz",
      "integrity": "sha1-POdoEMWSjQM1IwGsKHMX8RwLH/w="
    },
    "lodash.isplainobject": {
      "version": "4.0.6",
      "resolved": "https://registry.npmjs.org/lodash.isplainobject/-/lodash.isplainobject-4.0.6.tgz",
      "integrity": "sha1-fFJqUtibRcRcxpC4gWO+BJf1UMs="
    },
    "lodash.isstring": {
      "version": "4.0.1",
      "resolved": "https://registry.npmjs.org/lodash.isstring/-/lodash.isstring-4.0.1.tgz",
      "integrity": "sha1-1SfftUVuynzJu5XV2ur4i6VKVFE="
    },
    "lodash.once": {
      "version": "4.1.1",
      "resolved": "https://registry.npmjs.org/lodash.once/-/lodash.once-4.1.1.tgz",
      "integrity": "sha1-DdOXEhPHxW34gJd9UEyI+0cal6w="
    },
    "lru-cache": {
      "version": "6.0.0",
      "resolved": "https://registry.npmjs.org/lru-cache/-/lru-cache-6.0.0.tgz",
      "integrity": "sha512-Jo6dJ04CmSjuznwJSS3pUeWmd/H0ffTlkXXgwZi+eq1UCmqQwCh+eLsYOYCwY991i2Fah4h1BEMCx4qThGbsiA==",
      "requires": {
        "yallist": "^4.0.0"
      }
    },
    "make-error": {
      "version": "1.3.6",
      "resolved": "https://registry.npmjs.org/make-error/-/make-error-1.3.6.tgz",
      "integrity": "sha512-s8UhlNe7vPKomQhC1qFelMokr/Sc3AgNbso3n74mVPA5LTZwkB9NlXf4XPamLxJE8h0gh73rM94xvwRT2CVInw==",
      "dev": true
    },
    "mime-db": {
      "version": "1.51.0",
      "resolved": "https://registry.npmjs.org/mime-db/-/mime-db-1.51.0.tgz",
      "integrity": "sha512-5y8A56jg7XVQx2mbv1lu49NR4dokRnhZYTtL+KGfaa27uq4pSTXkwQkFJl4pkRMyNFz/EtYDSkiiEHx3F7UN6g=="
    },
    "minimist": {
      "version": "1.2.5",
      "resolved": "https://registry.npmjs.org/minimist/-/minimist-1.2.5.tgz",
      "integrity": "sha512-FM9nNUYrRBAELZQT3xeZQ7fmMOBg6nWNmJKTcgsJeaLstP/UODVpGsr5OhXhhXg6f+qtJ8uiZ+PUxkDWcgIXLw=="
    },
    "ms": {
      "version": "2.1.3",
      "resolved": "https://registry.npmjs.org/ms/-/ms-2.1.3.tgz",
      "integrity": "sha512-6FlzubTLZG3J2a/NVCAleEhjzq5oxgHyaCU9yYXvcLsvoVaHJq/s5xXI6/XXP6tz7R9xAOtHnSO/tXtF3WRTlA=="
    },
    "neo-async": {
      "version": "2.6.2",
      "resolved": "https://registry.npmjs.org/neo-async/-/neo-async-2.6.2.tgz",
      "integrity": "sha512-Yd3UES5mWCSqR+qNT93S3UoYUkqAZ9lLg8a7g9rimsWmYGK8cVToA4/sF3RrshdyV3sAGMXVUmpMYOw+dLpOuw=="
    },
    "ono": {
      "version": "4.0.11",
      "resolved": "https://registry.npmjs.org/ono/-/ono-4.0.11.tgz",
      "integrity": "sha512-jQ31cORBFE6td25deYeD80wxKBMj+zBmHTrVxnc6CKhx8gho6ipmWM5zj/oeoqioZ99yqBls9Z/9Nss7J26G2g==",
      "requires": {
        "format-util": "^1.0.3"
      }
    },
    "prisma": {
      "version": "3.7.0",
      "resolved": "https://registry.npmjs.org/prisma/-/prisma-3.7.0.tgz",
      "integrity": "sha512-pzgc95msPLcCHqOli7Hnabu/GRfSGSUWl5s2P6N13T/rgMB+NNeKbxCmzQiZT2yLOeLEPivV6YrW1oeQIwJxcg==",
      "dev": true,
      "requires": {
        "@prisma/engines": "3.7.0-31.8746e055198f517658c08a0c426c7eec87f5a85f"
      }
    },
    "safe-buffer": {
      "version": "5.2.1",
      "resolved": "https://registry.npmjs.org/safe-buffer/-/safe-buffer-5.2.1.tgz",
      "integrity": "sha512-rp3So07KcdmmKbGvgaNxQSJr7bGVSVk5S9Eq1F+ppbRo70+YeaDxkw5Dd8NPN+GD6bjnYm2VuPuCXmpuYvmCXQ=="
    },
    "semver": {
      "version": "5.7.1",
      "resolved": "https://registry.npmjs.org/semver/-/semver-5.7.1.tgz",
      "integrity": "sha512-sauaDf/PZdVgrLTNYHRtpXa1iRiKcaebiKQ1BJdpQlWH2lCvexQdX55snPFyK7QzpudqbCI0qXFfOasHdyNDGQ=="
    },
    "source-map": {
      "version": "0.6.1",
      "resolved": "https://registry.npmjs.org/source-map/-/source-map-0.6.1.tgz",
      "integrity": "sha512-UjgapumWlbMhkBgzT7Ykc5YXUT46F0iKu8SGXq0bcwP5dz/h0Plj6enJqjz1Zbq2l5WaqYnrVbwWOWMyF3F47g=="
    },
    "sprintf-js": {
      "version": "1.0.3",
      "resolved": "https://registry.npmjs.org/sprintf-js/-/sprintf-js-1.0.3.tgz",
      "integrity": "sha1-BOaSb2YolTVPPdAVIDYzuFcpfiw="
    },
    "swagger-methods": {
      "version": "1.0.8",
      "resolved": "https://registry.npmjs.org/swagger-methods/-/swagger-methods-1.0.8.tgz",
      "integrity": "sha512-G6baCwuHA+C5jf4FNOrosE4XlmGsdjbOjdBK4yuiDDj/ro9uR4Srj3OR84oQMT8F3qKp00tYNv0YN730oTHPZA=="
    },
    "swagger-parser": {
      "version": "4.0.2",
      "resolved": "https://registry.npmjs.org/swagger-parser/-/swagger-parser-4.0.2.tgz",
      "integrity": "sha512-hKslog8LhsXICJ1sMLsA8b8hQ3oUEX0457aLCFJc4zz6m8drmnCtyjbVqS5HycaKFOKVolJc2wFoe8KDPWfp4g==",
      "requires": {
        "call-me-maybe": "^1.0.1",
        "debug": "^3.1.0",
        "json-schema-ref-parser": "^4.1.0",
        "ono": "^4.0.3",
        "swagger-methods": "^1.0.4",
        "swagger-schema-official": "2.0.0-bab6bed",
        "z-schema": "^3.19.0"
      },
      "dependencies": {
        "json-schema-ref-parser": {
          "version": "4.1.1",
          "resolved": "https://registry.npmjs.org/json-schema-ref-parser/-/json-schema-ref-parser-4.1.1.tgz",
          "integrity": "sha512-lByoCHZ6H2zgb6NtsXIqtzQ+6Ji7iVqnrhWxsXLhF+gXmgu6E8+ErpDxCMR439MUG1nfMjWI2HAoM8l0XgSNhw==",
          "requires": {
            "call-me-maybe": "^1.0.1",
            "debug": "^3.1.0",
            "js-yaml": "^3.10.0",
            "ono": "^4.0.3"
          }
        }
      }
    },
    "swagger-schema-official": {
      "version": "2.0.0-bab6bed",
      "resolved": "https://registry.npmjs.org/swagger-schema-official/-/swagger-schema-official-2.0.0-bab6bed.tgz",
      "integrity": "sha1-cAcEaNbSl3ylI3suUZyn0Gouo/0="
    },
    "swagger-ui-dist": {
      "version": "3.52.5",
      "resolved": "https://registry.npmjs.org/swagger-ui-dist/-/swagger-ui-dist-3.52.5.tgz",
      "integrity": "sha512-8z18eX8G/jbTXYzyNIaobrnD7PSN7yU/YkSasMmajrXtw0FGS64XjrKn5v37d36qmU3o1xLeuYnktshRr7uIFw=="
    },
    "ts-node": {
      "version": "10.4.0",
      "resolved": "https://registry.npmjs.org/ts-node/-/ts-node-10.4.0.tgz",
      "integrity": "sha512-g0FlPvvCXSIO1JDF6S232P5jPYqBkRL9qly81ZgAOSU7rwI0stphCgd2kLiCrU9DjQCrJMWEqcNSjQL02s6d8A==",
      "dev": true,
      "requires": {
        "@cspotcode/source-map-support": "0.7.0",
        "@tsconfig/node10": "^1.0.7",
        "@tsconfig/node12": "^1.0.7",
        "@tsconfig/node14": "^1.0.0",
        "@tsconfig/node16": "^1.0.2",
        "acorn": "^8.4.1",
        "acorn-walk": "^8.1.1",
        "arg": "^4.1.0",
        "create-require": "^1.1.0",
        "diff": "^4.0.1",
        "make-error": "^1.1.1",
        "yn": "3.1.1"
      }
    },
    "typescript": {
      "version": "4.5.4",
      "resolved": "https://registry.npmjs.org/typescript/-/typescript-4.5.4.tgz",
      "integrity": "sha512-VgYs2A2QIRuGphtzFV7aQJduJ2gyfTljngLzjpfW9FoYZF6xuw1W0vW9ghCKLfcWrCFxK81CSGRAvS1pn4fIUg==",
      "dev": true
    },
    "uglify-js": {
      "version": "3.14.5",
      "resolved": "https://registry.npmjs.org/uglify-js/-/uglify-js-3.14.5.tgz",
      "integrity": "sha512-qZukoSxOG0urUTvjc2ERMTcAy+BiFh3weWAkeurLwjrCba73poHmG3E36XEjd/JGukMzwTL7uCxZiAexj8ppvQ==",
      "optional": true
    },
    "validator": {
      "version": "10.11.0",
      "resolved": "https://registry.npmjs.org/validator/-/validator-10.11.0.tgz",
      "integrity": "sha512-X/p3UZerAIsbBfN/IwahhYaBbY68EN/UQBWHtsbXGT5bfrH/p4NQzUCG1kF/rtKaNpnJ7jAu6NGTdSNtyNIXMw=="
    },
    "wordwrap": {
      "version": "1.0.0",
      "resolved": "https://registry.npmjs.org/wordwrap/-/wordwrap-1.0.0.tgz",
      "integrity": "sha1-J1hIEIkUVqQXHI0CJkQa3pDLyus="
    },
    "yallist": {
      "version": "4.0.0",
      "resolved": "https://registry.npmjs.org/yallist/-/yallist-4.0.0.tgz",
      "integrity": "sha512-3wdGidZyq5PB084XLES5TpOSRA3wjXAlIWMhum2kRcv/41Sn2emQ0dycQW4uZXLejwKvg6EsvbdlVL+FYEct7A=="
    },
    "yn": {
      "version": "3.1.1",
      "resolved": "https://registry.npmjs.org/yn/-/yn-3.1.1.tgz",
      "integrity": "sha512-Ux4ygGWsu2c7isFWe8Yu1YluJmqVhxqK2cLXNQA5AcC3QfbGNpM7fu0Y8b/z16pXLnFxZYvWhd3fhBY9DLmC6Q==",
      "dev": true
    },
    "z-schema": {
      "version": "3.25.1",
      "resolved": "https://registry.npmjs.org/z-schema/-/z-schema-3.25.1.tgz",
      "integrity": "sha512-7tDlwhrBG+oYFdXNOjILSurpfQyuVgkRe3hB2q8TEssamDHB7BbLWYkYO98nTn0FibfdFroFKDjndbgufAgS/Q==",
      "requires": {
        "commander": "^2.7.1",
        "core-js": "^2.5.7",
        "lodash.get": "^4.0.0",
        "lodash.isequal": "^4.0.0",
        "validator": "^10.0.0"
      }
    }
  }
}
